<?xml version="1.0" encoding="utf-8"?>
<Project ToolsVersion="4.0" xmlns="http://schemas.microsoft.com/developer/msbuild/2003">
  <ItemGroup>
    <Filter Include="Source Files">
      <UniqueIdentifier>{4FC737F1-C7A5-4376-A066-2A32D752A2FF}</UniqueIdentifier>
      <Extensions>cpp;c;cc;cxx;def;odl;idl;hpj;bat;asm;asmx</Extensions>
    </Filter>
    <Filter Include="Header Files">
      <UniqueIdentifier>{93995380-89BD-4b04-88EB-625FBE52EBFB}</UniqueIdentifier>
      <Extensions>h;hh;hpp;hxx;hm;inl;inc;xsd</Extensions>
    </Filter>
    <Filter Include="Resource Files">
      <UniqueIdentifier>{67DA6AB6-F800-4c08-8B7A-83BB121AAD01}</UniqueIdentifier>
      <Extensions>rc;ico;cur;bmp;dlg;rc2;rct;bin;rgs;gif;jpg;jpeg;jpe;resx;tiff;tif;png;wav</Extensions>
    </Filter>
  </ItemGroup>
  <ItemGroup>
    <ClCompile Include="..\..\downloads\encyu_2d_source_v2\encyu_2d_source\main.c">
      <Filter>Source Files</Filter>
    </ClCompile>
    <ClCompile Include="..\..\downloads\encyu_2d_source_v2\encyu_2d_source\grid\grid.c">
      <Filter>Source Files</Filter>
    </ClCompile>
    <ClCompile Include="..\..\downloads\encyu_2d_source_v2\encyu_2d_source\grid\grid1.c">
      <Filter>Source Files</Filter>
    </ClCompile>
  </ItemGroup>
  <ItemGroup>
    <ClInclude Include="..\..\downloads\encyu_2d_source_v2\encyu_2d_source\boundary-SA.h">
      <Filter>Header Files</Filter>
    </ClInclude>
    <ClInclude Include="..\..\downloads\encyu_2d_source_v2\encyu_2d_source\boundary.h">
      <Filter>Header Files</Filter>
    </ClInclude>
    <ClInclude Include="..\..\downloads\encyu_2d_source_v2\encyu_2d_source\calc.h">
      <Filter>Header Files</Filter>
    </ClInclude>
    <ClInclude Include="..\..\downloads\encyu_2d_source_v2\encyu_2d_source\fds-komega.h">
      <Filter>Header Files</Filter>
    </ClInclude>
    <ClInclude Include="..\..\downloads\encyu_2d_source_v2\encyu_2d_source\fds-SA.h">
      <Filter>Header Files</Filter>
    </ClInclude>
    <ClInclude Include="..\..\downloads\encyu_2d_source_v2\encyu_2d_source\fds.h">
      <Filter>Header Files</Filter>
    </ClInclude>
    <ClInclude Include="..\..\downloads\encyu_2d_source_v2\encyu_2d_source\global.h">
      <Filter>Header Files</Filter>
    </ClInclude>
    <ClInclude Include="..\..\downloads\encyu_2d_source_v2\encyu_2d_source\initial.h">
      <Filter>Header Files</Filter>
    </ClInclude>
    <ClInclude Include="..\..\downloads\encyu_2d_source_v2\encyu_2d_source\LU-SGS-SST.h">
      <Filter>Header Files</Filter>
    </ClInclude>
    <ClInclude Include="..\..\downloads\encyu_2d_source_v2\encyu_2d_source\LU-SGS.h">
      <Filter>Header Files</Filter>
    </ClInclude>
    <ClInclude Include="..\..\downloads\encyu_2d_source_v2\encyu_2d_source\MFGS-SA.h">
      <Filter>Header Files</Filter>
    </ClInclude>
    <ClInclude Include="..\..\downloads\encyu_2d_source_v2\encyu_2d_source\MFGS-SST.h">
      <Filter>Header Files</Filter>
    </ClInclude>
    <ClInclude Include="..\..\downloads\encyu_2d_source_v2\encyu_2d_source\MFGS.h">
      <Filter>Header Files</Filter>
    </ClInclude>
    <ClInclude Include="..\..\downloads\encyu_2d_source_v2\encyu_2d_source\output.h">
      <Filter>Header Files</Filter>
    </ClInclude>
    <ClInclude Include="..\..\downloads\encyu_2d_source_v2\encyu_2d_source\read.h">
      <Filter>Header Files</Filter>
    </ClInclude>
    <ClInclude Include="..\..\downloads\encyu_2d_source_v2\encyu_2d_source\read_data.h">
      <Filter>Header Files</Filter>
    </ClInclude>
    <ClInclude Include="..\..\downloads\encyu_2d_source_v2\encyu_2d_source\rungekutta.h">
      <Filter>Header Files</Filter>
    </ClInclude>
    <ClInclude Include="..\..\downloads\encyu_2d_source_v2\encyu_2d_source\SA-DES.h">
      <Filter>Header Files</Filter>
    </ClInclude>
    <ClInclude Include="..\..\downloads\encyu_2d_source_v2\encyu_2d_source\slau-SST.h">
      <Filter>Header Files</Filter>
    </ClInclude>
    <ClInclude Include="..\..\downloads\encyu_2d_source_v2\encyu_2d_source\slau.h">
      <Filter>Header Files</Filter>
    </ClInclude>
    <ClInclude Include="..\..\downloads\encyu_2d_source_v2\encyu_2d_source\SST-DES.h">
      <Filter>Header Files</Filter>
    </ClInclude>
    <ClInclude Include="..\..\downloads\encyu_2d_source_v2\encyu_2d_source\viscous-SA.h">
      <Filter>Header Files</Filter>
    </ClInclude>
    <ClInclude Include="..\..\downloads\encyu_2d_source_v2\encyu_2d_source\viscous-SST.h">
      <Filter>Header Files</Filter>
    </ClInclude>
    <ClInclude Include="..\..\downloads\encyu_2d_source_v2\encyu_2d_source\viscous.h">
      <Filter>Header Files</Filter>
    </ClInclude>
  </ItemGroup>
</Project>